
Microsoft Visual Studio Solution File, Format Version 12.00
# Visual Studio 15
VisualStudioVersion = 15.0.27703.2026
MinimumVisualStudioVersion = 10.0.40219.1
Project("{8BC9CEB8-8B4A-11D0-8D11-00A0C91BC942}") = "OpenAIChain-Data-Use", "OpenAIChain-Data-Use\OpenAIChain-Data-Use.vcxproj", "{B0BD6C64-F7DD-4F34-AD81-593261F01705}"
EndProject
Project("{8BC9CEB8-8B4A-11D0-8D11-00A0C91BC942}") = "OpenAIChain-Data-UseHandlers", "OpenAIChain-Data-UseHandlers\OpenAIChain-Data-UseHandlers.vcxproj", "{0F9E3480-1F1C-44DE-B501-1BC649CEFBF4}"
EndProject
Project("{8BC9CEB8-8B4A-11D0-8D11-00A0C91BC942}") = "Test-curl", "Test-curl\Test-curl.vcxproj", "{83C28D98-170C-4893-B331-789FE8F4B7F5}"
EndProject
Global
	GlobalSection(SolutionConfigurationPlatforms) = preSolution
		Debug|x64 = Debug|x64
		Debug|x86 = Debug|x86
		Release|x64 = Release|x64
		Release|x86 = Release|x86
	EndGlobalSection
	GlobalSection(ProjectConfigurationPlatforms) = postSolution
		{B0BD6C64-F7DD-4F34-AD81-593261F01705}.Debug|x64.ActiveCfg = Debug|x64
		{B0BD6C64-F7DD-4F34-AD81-593261F01705}.Debug|x64.Build.0 = Debug|x64
		{B0BD6C64-F7DD-4F34-AD81-593261F01705}.Debug|x86.ActiveCfg = Debug|Win32
		{B0BD6C64-F7DD-4F34-AD81-593261F01705}.Debug|x86.Build.0 = Debug|Win32
		{B0BD6C64-F7DD-4F34-AD81-593261F01705}.Release|x64.ActiveCfg = Release|x64
		{B0BD6C64-F7DD-4F34-AD81-593261F01705}.Release|x64.Build.0 = Release|x64
		{B0BD6C64-F7DD-4F34-AD81-593261F01705}.Release|x86.ActiveCfg = Release|Win32
		{B0BD6C64-F7DD-4F34-AD81-593261F01705}.Release|x86.Build.0 = Release|Win32
		{0F9E3480-1F1C-44DE-B501-1BC649CEFBF4}.Debug|x64.ActiveCfg = Debug|x64
		{0F9E3480-1F1C-44DE-B501-1BC649CEFBF4}.Debug|x64.Build.0 = Debug|x64
		{0F9E3480-1F1C-44DE-B501-1BC649CEFBF4}.Debug|x86.ActiveCfg = Debug|Win32
		{0F9E3480-1F1C-44DE-B501-1BC649CEFBF4}.Debug|x86.Build.0 = Debug|Win32
		{0F9E3480-1F1C-44DE-B501-1BC649CEFBF4}.Release|x64.ActiveCfg = Release|x64
		{0F9E3480-1F1C-44DE-B501-1BC649CEFBF4}.Release|x64.Build.0 = Release|x64
		{0F9E3480-1F1C-44DE-B501-1BC649CEFBF4}.Release|x86.ActiveCfg = Release|Win32
		{0F9E3480-1F1C-44DE-B501-1BC649CEFBF4}.Release|x86.Build.0 = Release|Win32
		{83C28D98-170C-4893-B331-789FE8F4B7F5}.Debug|x64.ActiveCfg = Debug|x64
		{83C28D98-170C-4893-B331-789FE8F4B7F5}.Debug|x64.Build.0 = Debug|x64
		{83C28D98-170C-4893-B331-789FE8F4B7F5}.Debug|x86.ActiveCfg = Debug|Win32
		{83C28D98-170C-4893-B331-789FE8F4B7F5}.Debug|x86.Build.0 = Debug|Win32
		{83C28D98-170C-4893-B331-789FE8F4B7F5}.Release|x64.ActiveCfg = Release|x64
		{83C28D98-170C-4893-B331-789FE8F4B7F5}.Release|x64.Build.0 = Release|x64
		{83C28D98-170C-4893-B331-789FE8F4B7F5}.Release|x86.ActiveCfg = Release|Win32
		{83C28D98-170C-4893-B331-789FE8F4B7F5}.Release|x86.Build.0 = Release|Win32
	EndGlobalSection
	GlobalSection(SolutionProperties) = preSolution
		HideSolutionNode = FALSE
	EndGlobalSection
	GlobalSection(ExtensibilityGlobals) = postSolution
		SolutionGuid = {6EF0A380-BCCA-48EE-88DF-FD14891006B6}
	EndGlobalSection
EndGlobal
